Microsoft Visual Studio Solution File, Format Version 12.00
# Visual Studio Version 17
VisualStudioVersion = 17.5.2.0
MinimumVisualStudioVersion = 10.0.40219.1
Project("{FAE04EC0-301F-11D3-BF4B-00C04F79EFBC}") = "Aula01", "Aula01\Aula01.csproj", "{472B6C34-3627-4E73-9374-7DB31D3D4354}"
EndProject
Project("{FAE04EC0-301F-11D3-BF4B-00C04F79EFBC}") = "Aula02", "Aula02\Aula02.csproj", "{2B021C01-DFF2-2FEE-FA0A-4282742516CF}"
EndProject
Project("{FAE04EC0-301F-11D3-BF4B-00C04F79EFBC}") = "Aula03", "Aula03\Aula03.csproj", "{E04F5496-3197-F998-01B9-636A2C3F9708}"
EndProject
Project("{FAE04EC0-301F-11D3-BF4B-00C04F79EFBC}") = "Aula04", "Aula04\Aula04.csproj", "{A1011B8E-2287-97C8-E65B-25975AB13094}"
EndProject
Project("{FAE04EC0-301F-11D3-BF4B-00C04F79EFBC}") = "Aula05", "Aula05\Aula05.csproj", "{7AA4DFD3-2130-0DD2-C8A3-51997AA80B48}"
EndProject
Project("{FAE04EC0-301F-11D3-BF4B-00C04F79EFBC}") = "Aula06", "Aula06\Aula06.csproj", "{C3AF24F2-C349-CD91-7629-44534D0244D2}"
EndProject
Project("{FAE04EC0-301F-11D3-BF4B-00C04F79EFBC}") = "Aula07", "Aula07\Aula07.csproj", "{F3271EE2-EFE6-93D0-A793-7FFC78665393}"
EndProject
Project("{FAE04EC0-301F-11D3-BF4B-00C04F79EFBC}") = "Aula08", "Aula08\Aula08.csproj", "{4ADA2AC7-7C5C-356C-AE5D-C36C5C4E4C44}"
EndProject
Project("{FAE04EC0-301F-11D3-BF4B-00C04F79EFBC}") = "Aula09", "Aula09\Aula09.csproj", "{685F3347-7811-1BBB-B972-FE1BC98198FE}"
EndProject
Project("{FAE04EC0-301F-11D3-BF4B-00C04F79EFBC}") = "Aula10", "Aula10\Aula10.csproj", "{18DB9007-E775-ADB3-3055-D4A3F1B8AE62}"
EndProject
Project("{FAE04EC0-301F-11D3-BF4B-00C04F79EFBC}") = "Aula11", "Aula11\Aula11.csproj", "{D220FBB4-8B4E-95F5-D16D-B93A4221BFA6}"
EndProject
Project("{FAE04EC0-301F-11D3-BF4B-00C04F79EFBC}") = "Aula12", "Aula12\Aula12.csproj", "{E7E0C130-88DD-33F8-D00D-8C0EAB654902}"
EndProject
Project("{FAE04EC0-301F-11D3-BF4B-00C04F79EFBC}") = "Aula13", "Aula13\Aula13.csproj", "{3FF79F00-AFD4-E550-FD22-A78735B8F5A6}"
EndProject
Global
	GlobalSection(SolutionConfigurationPlatforms) = preSolution
		Debug|Any CPU = Debug|Any CPU
		Release|Any CPU = Release|Any CPU
	EndGlobalSection
	GlobalSection(ProjectConfigurationPlatforms) = postSolution
		{472B6C34-3627-4E73-9374-7DB31D3D4354}.Debug|Any CPU.ActiveCfg = Debug|Any CPU
		{472B6C34-3627-4E73-9374-7DB31D3D4354}.Debug|Any CPU.Build.0 = Debug|Any CPU
		{472B6C34-3627-4E73-9374-7DB31D3D4354}.Release|Any CPU.ActiveCfg = Release|Any CPU
		{472B6C34-3627-4E73-9374-7DB31D3D4354}.Release|Any CPU.Build.0 = Release|Any CPU
		{2B021C01-DFF2-2FEE-FA0A-4282742516CF}.Debug|Any CPU.ActiveCfg = Debug|Any CPU
		{2B021C01-DFF2-2FEE-FA0A-4282742516CF}.Debug|Any CPU.Build.0 = Debug|Any CPU
		{2B021C01-DFF2-2FEE-FA0A-4282742516CF}.Release|Any CPU.ActiveCfg = Release|Any CPU
		{2B021C01-DFF2-2FEE-FA0A-4282742516CF}.Release|Any CPU.Build.0 = Release|Any CPU
		{E04F5496-3197-F998-01B9-636A2C3F9708}.Debug|Any CPU.ActiveCfg = Debug|Any CPU
		{E04F5496-3197-F998-01B9-636A2C3F9708}.Debug|Any CPU.Build.0 = Debug|Any CPU
		{E04F5496-3197-F998-01B9-636A2C3F9708}.Release|Any CPU.ActiveCfg = Release|Any CPU
		{E04F5496-3197-F998-01B9-636A2C3F9708}.Release|Any CPU.Build.0 = Release|Any CPU
		{A1011B8E-2287-97C8-E65B-25975AB13094}.Debug|Any CPU.ActiveCfg = Debug|Any CPU
		{A1011B8E-2287-97C8-E65B-25975AB13094}.Debug|Any CPU.Build.0 = Debug|Any CPU
		{A1011B8E-2287-97C8-E65B-25975AB13094}.Release|Any CPU.ActiveCfg = Release|Any CPU
		{A1011B8E-2287-97C8-E65B-25975AB13094}.Release|Any CPU.Build.0 = Release|Any CPU
		{7AA4DFD3-2130-0DD2-C8A3-51997AA80B48}.Debug|Any CPU.ActiveCfg = Debug|Any CPU
		{7AA4DFD3-2130-0DD2-C8A3-51997AA80B48}.Debug|Any CPU.Build.0 = Debug|Any CPU
		{7AA4DFD3-2130-0DD2-C8A3-51997AA80B48}.Release|Any CPU.ActiveCfg = Release|Any CPU
		{7AA4DFD3-2130-0DD2-C8A3-51997AA80B48}.Release|Any CPU.Build.0 = Release|Any CPU
		{C3AF24F2-C349-CD91-7629-44534D0244D2}.Debug|Any CPU.ActiveCfg = Debug|Any CPU
		{C3AF24F2-C349-CD91-7629-44534D0244D2}.Debug|Any CPU.Build.0 = Debug|Any CPU
		{C3AF24F2-C349-CD91-7629-44534D0244D2}.Release|Any CPU.ActiveCfg = Release|Any CPU
		{C3AF24F2-C349-CD91-7629-44534D0244D2}.Release|Any CPU.Build.0 = Release|Any CPU
		{F3271EE2-EFE6-93D0-A793-7FFC78665393}.Debug|Any CPU.ActiveCfg = Debug|Any CPU
		{F3271EE2-EFE6-93D0-A793-7FFC78665393}.Debug|Any CPU.Build.0 = Debug|Any CPU
		{F3271EE2-EFE6-93D0-A793-7FFC78665393}.Release|Any CPU.ActiveCfg = Release|Any CPU
		{F3271EE2-EFE6-93D0-A793-7FFC78665393}.Release|Any CPU.Build.0 = Release|Any CPU
		{4ADA2AC7-7C5C-356C-AE5D-C36C5C4E4C44}.Debug|Any CPU.ActiveCfg = Debug|Any CPU
		{4ADA2AC7-7C5C-356C-AE5D-C36C5C4E4C44}.Debug|Any CPU.Build.0 = Debug|Any CPU
		{4ADA2AC7-7C5C-356C-AE5D-C36C5C4E4C44}.Release|Any CPU.ActiveCfg = Release|Any CPU
		{4ADA2AC7-7C5C-356C-AE5D-C36C5C4E4C44}.Release|Any CPU.Build.0 = Release|Any CPU
		{685F3347-7811-1BBB-B972-FE1BC98198FE}.Debug|Any CPU.ActiveCfg = Debug|Any CPU
		{685F3347-7811-1BBB-B972-FE1BC98198FE}.Debug|Any CPU.Build.0 = Debug|Any CPU
		{685F3347-7811-1BBB-B972-FE1BC98198FE}.Release|Any CPU.ActiveCfg = Release|Any CPU
		{685F3347-7811-1BBB-B972-FE1BC98198FE}.Release|Any CPU.Build.0 = Release|Any CPU
		{18DB9007-E775-ADB3-3055-D4A3F1B8AE62}.Debug|Any CPU.ActiveCfg = Debug|Any CPU
		{18DB9007-E775-ADB3-3055-D4A3F1B8AE62}.Debug|Any CPU.Build.0 = Debug|Any CPU
		{18DB9007-E775-ADB3-3055-D4A3F1B8AE62}.Release|Any CPU.ActiveCfg = Release|Any CPU
		{18DB9007-E775-ADB3-3055-D4A3F1B8AE62}.Release|Any CPU.Build.0 = Release|Any CPU
		{D220FBB4-8B4E-95F5-D16D-B93A4221BFA6}.Debug|Any CPU.ActiveCfg = Debug|Any CPU
		{D220FBB4-8B4E-95F5-D16D-B93A4221BFA6}.Debug|Any CPU.Build.0 = Debug|Any CPU
		{D220FBB4-8B4E-95F5-D16D-B93A4221BFA6}.Release|Any CPU.ActiveCfg = Release|Any CPU
		{D220FBB4-8B4E-95F5-D16D-B93A4221BFA6}.Release|Any CPU.Build.0 = Release|Any CPU
		{E7E0C130-88DD-33F8-D00D-8C0EAB654902}.Debug|Any CPU.ActiveCfg = Debug|Any CPU
		{E7E0C130-88DD-33F8-D00D-8C0EAB654902}.Debug|Any CPU.Build.0 = Debug|Any CPU
		{E7E0C130-88DD-33F8-D00D-8C0EAB654902}.Release|Any CPU.ActiveCfg = Release|Any CPU
		{E7E0C130-88DD-33F8-D00D-8C0EAB654902}.Release|Any CPU.Build.0 = Release|Any CPU
		{3FF79F00-AFD4-E550-FD22-A78735B8F5A6}.Debug|Any CPU.ActiveCfg = Debug|Any CPU
		{3FF79F00-AFD4-E550-FD22-A78735B8F5A6}.Debug|Any CPU.Build.0 = Debug|Any CPU
		{3FF79F00-AFD4-E550-FD22-A78735B8F5A6}.Release|Any CPU.ActiveCfg = Release|Any CPU
		{3FF79F00-AFD4-E550-FD22-A78735B8F5A6}.Release|Any CPU.Build.0 = Release|Any CPU
	EndGlobalSection
	GlobalSection(SolutionProperties) = preSolution
		HideSolutionNode = FALSE
	EndGlobalSection
	GlobalSection(ExtensibilityGlobals) = postSolution
		SolutionGuid = {7FE8F1E4-332A-4E8C-817C-753456B5E455}
	EndGlobalSection
EndGlobal
